# doctest v2.5.3
CPMDeclarePackage(doctest
  NAME doctest
  GITHUB_REPOSITORY doctest/doctest
  GIT_TAG 2d0a9359a60c51affe2a9bebb1be1dca47868151
  EXCLUDE_FROM_ALL YES
  SYSTEM YES
)

# tl::expected v1.3.1
CPMDeclarePackage(tl-expected
  NAME tl-expected
  GITHUB_REPOSITORY TartanLlama/expected
  GIT_TAG 1770e3559f2f6ea4a5fb4f577ad22aeb30fbd8e4
  EXCLUDE_FROM_ALL YES
  SYSTEM YES
  OPTIONS "EXPECTED_BUILD_TESTS OFF"
)
