# doctest v2.5.3
CPMDeclarePackage(doctest
  NAME doctest
  GITHUB_REPOSITORY doctest/doctest
  GIT_TAG 2d0a9359a60c51affe2a9bebb1be1dca47868151
  EXCLUDE_FROM_ALL YES
  SYSTEM YES
)

# tl::expected v1.3.1
CPMDeclarePackage(tl-expected
  NAME tl-expected
  GITHUB_REPOSITORY TartanLlama/expected
  GIT_TAG 1770e3559f2f6ea4a5fb4f577ad22aeb30fbd8e4
  EXCLUDE_FROM_ALL YES
  SYSTEM YES
  OPTIONS "EXPECTED_BUILD_TESTS OFF"
)

# stb
CPMDeclarePackage(stb
  NAME stb
  GITHUB_REPOSITORY nothings/stb
  GIT_TAG 2c980bb59875b0d32144a71867fbdebb2f77cd20
  DOWNLOAD_ONLY YES
)

# SDL3 3.4.16
CPMDeclarePackage(SDL3
  NAME SDL3
  GITHUB_REPOSITORY libsdl-org/SDL
  GIT_TAG fa2c02bb6e21974a89ea9824bc53c9932abe5f9c
  EXCLUDE_FROM_ALL YES
  SYSTEM YES
  OPTIONS
    "SDL_SHARED OFF"
    "SDL_STATIC ON"
    "SDL_TEST_LIBRARY OFF"
    "SDL_EXAMPLES OFF"
    "SDL_INSTALL OFF"
)

# toml++ v3.4.0
CPMDeclarePackage(tomlplusplus
  NAME tomlplusplus
  GITHUB_REPOSITORY marzer/tomlplusplus
  GIT_TAG 30172438cee64926dc41fdd9c11fb3ba5b2ba9de
  EXCLUDE_FROM_ALL YES
  SYSTEM YES
)

# miniaudio 0.11.25
CPMDeclarePackage(miniaudio
  NAME miniaudio
  GITHUB_REPOSITORY mackron/miniaudio
  GIT_TAG 9634bedb5b5a2ca38c1ee7108a9358a4e233f14d
  DOWNLOAD_ONLY YES
)
